{
  "lockfileVersion": 1,
  "configVersion": 1,
  "workspaces": {
    "": {
      "name": "echo-agent-workspace",
      "devDependencies": {
        "@echo-agent/coding-agent": "workspace:*",
        "@echo-agent/core": "workspace:*",
        "@types/bun": "latest",
        "echo-agent": "workspace:*",
        "typescript": "^5.5.0",
      },
    },
    "packages/cli": {
      "name": "echo-agent",
      "version": "0.0.1",
      "bin": {
        "echo-agent": "./bin/echo-agent.ts",
      },
      "dependencies": {
        "@earendil-works/pi-tui": "^0.84.3",
        "@echo-agent/core": "workspace:*",
      },
      "devDependencies": {
        "@types/bun": "latest",
        "typescript": "^5.7.0",
      },
    },
    "packages/coding-agent": {
      "name": "@echo-agent/coding-agent",
      "version": "0.0.1",
      "dependencies": {
        "@echo-agent/core": "workspace:*",
      },
      "devDependencies": {
        "@types/bun": "latest",
        "typescript": "^5.5.0",
      },
    },
    "packages/core": {
      "name": "@echo-agent/core",
      "version": "0.0.1",
      "devDependencies": {
        "@types/bun": "latest",
        "typescript": "^5.7.0",
      },
    },
  },
  "packages": {
    "@earendil-works/pi-tui": ["@earendil-works/pi-tui@0.84.4", "", { "dependencies": { "get-east-asian-width": "1.6.0", "marked": "18.0.5" } }, "sha512-nPUnwDkLtupPXnZQYrCwPFcuTydCDqTY6ZbFqhsL4S4kVq0AT418kPa/6uXwtaCD+MjBNBltb7ScTYX65yeE1w=="],

    "@echo-agent/coding-agent": ["@echo-agent/coding-agent@workspace:packages/coding-agent"],

    "@echo-agent/core": ["@echo-agent/core@workspace:packages/core"],

    "@types/bun": ["@types/bun@1.4.0", "", { "dependencies": { "bun-types": "1.4.0" } }, "sha512-K+lZULY23vRgK/CfTjFIV+tyifaNdSMlPh9j+6mQ/cLfpOznLyAuzgV/JQysyECpkBQLVMSyvjlr2fBUSA9wFQ=="],

    "@types/node": ["@types/node@26.4.0", "", { "dependencies": { "undici-types": "~8.3.0" } }, "sha512-faiGnoIrLH/V8cibOMEAZ8pMw6oXqSukl29ra4mN8GdaB2ZewzeaLj+INpV5N+Z1eKWzY+IzaIZH2EIR6YZRNQ=="],

    "bun-types": ["bun-types@1.4.0", "", { "dependencies": { "@types/node": "*" } }, "sha512-iIKw23BspnQQYd3prITOBxeUsxBHnwzX6YJfGMuNOZzeNcMmVqzIIVGRm1l69ogaPQmb4wB6BN8mA5bE9YuC5Q=="],

    "echo-agent": ["echo-agent@workspace:packages/cli"],

    "get-east-asian-width": ["get-east-asian-width@1.6.0", "", {}, "sha512-QRbvDIbx6YklUe6RxeTeleMR0yv3cYH6PsPZHcnVn7xv7zO1BHN8r0XETu8n6Ye3Q+ahtSarc3WgtNWmehIBfA=="],

    "marked": ["marked@18.0.5", "", { "bin": { "marked": "bin/marked.js" } }, "sha512-S6GcvALHg6K4ohtu4E7x0a1AqhAjp6cV8KhLSyN9qVapnzJkusVBxZRcIU9AeYsbe6P1hKDusSbEOzGyyuce6w=="],

    "typescript": ["typescript@5.9.3", "", { "bin": { "tsc": "bin/tsc", "tsserver": "bin/tsserver" } }, "sha512-jl1vZzPDinLr9eUt3J/t7V6FgNEw9QjvBPdysz9KfQDD41fQrC2Y4vKQdiaUpFT4bXlb1RHhLpp8wtm6M5TgSw=="],

    "undici-types": ["undici-types@8.3.0", "", {}, "sha512-j375ScV60dom+YkPFIfTLcOiPxkN/buHz5GobjLhixFuANaNs3C9l4GmrWqejgXWJ7BbJcFYpTEUkS1Ge8bpZQ=="],
  }
}
